
Microsoft Visual Studio Solution File, Format Version 12.00
# Visual Studio Version 16
VisualStudioVersion = 16.0.32228.343
MinimumVisualStudioVersion = 10.0.40219.1
Project("{FAE04EC0-301F-11D3-BF4B-00C04F79EFBC}") = "FileServer", "FileServer\FileServer.csproj", "{D5EB3243-D1BD-45E5-867F-EC47A9C3CDBC}"
EndProject
Global
	GlobalSection(SolutionConfigurationPlatforms) = preSolution
		Debug|Any CPU = Debug|Any CPU
		Release|Any CPU = Release|Any CPU
	EndGlobalSection
	GlobalSection(ProjectConfigurationPlatforms) = postSolution
		{D5EB3243-D1BD-45E5-867F-EC47A9C3CDBC}.Debug|Any CPU.ActiveCfg = Debug|Any CPU
		{D5EB3243-D1BD-45E5-867F-EC47A9C3CDBC}.Debug|Any CPU.Build.0 = Debug|Any CPU
		{D5EB3243-D1BD-45E5-867F-EC47A9C3CDBC}.Release|Any CPU.ActiveCfg = Release|Any CPU
		{D5EB3243-D1BD-45E5-867F-EC47A9C3CDBC}.Release|Any CPU.Build.0 = Release|Any CPU
	EndGlobalSection
	GlobalSection(SolutionProperties) = preSolution
		HideSolutionNode = FALSE
	EndGlobalSection
	GlobalSection(ExtensibilityGlobals) = postSolution
		SolutionGuid = {D55B3ADB-BC65-44F1-A50B-99C4DF11A6DC}
	EndGlobalSection
EndGlobal
